// !$*UTF8*$!
{
	archiveVersion = 1;
	classes = {
	};
	objectVersion = 46;
	objects = {

/* Begin PBXBuildFile section */
		101D7B16584DE7C9817F3695 /* Pods_GetAGram.framework in Frameworks */ = {isa = PBXBuildFile; fileRef = 661F46193C7DC1A2A6B5E74B /* Pods_GetAGram.framework */; };
		1CCBEC629C9922052FAA2B46 /* Pods_GetAGramUITests.framework in Frameworks */ = {isa = PBXBuildFile; fileRef = 45693868781C3FA4EE96C641 /* Pods_GetAGramUITests.framework */; };
		45306A931F6A117500730F8B /* PhotosViewController.swift in Sources */ = {isa = PBXBuildFile; fileRef = 45306A921F6A117500730F8B /* PhotosViewController.swift */; };
		45306A951F6A163700730F8B /* PhotoCell.swift in Sources */ = {isa = PBXBuildFile; fileRef = 45306A941F6A163700730F8B /* PhotoCell.swift */; };
		45306A991F6A203600730F8B /* PhotoDetailsViewController.swift in Sources */ = {isa = PBXBuildFile; fileRef = 45306A981F6A203600730F8B /* PhotoDetailsViewController.swift */; };
		457EA2AE1F6A103700E114F2 /* AppDelegate.swift in Sources */ = {isa = PBXBuildFile; fileRef = 457EA2AD1F6A103700E114F2 /* AppDelegate.swift */; };
		457EA2B31F6A103700E114F2 /* Main.storyboard in Resources */ = {isa = PBXBuildFile; fileRef = 457EA2B11F6A103700E114F2 /* Main.storyboard */; };
		457EA2B51F6A103700E114F2 /* Assets.xcassets in Resources */ = {isa = PBXBuildFile; fileRef = 457EA2B41F6A103700E114F2 /* Assets.xcassets */; };
		457EA2B81F6A103700E114F2 /* LaunchScreen.storyboard in Resources */ = {isa = PBXBuildFile; fileRef = 457EA2B61F6A103700E114F2 /* LaunchScreen.storyboard */; };
		457EA2C31F6A103700E114F2 /* GetAGramTests.swift in Sources */ = {isa = PBXBuildFile; fileRef = 457EA2C21F6A103700E114F2 /* GetAGramTests.swift */; };
		457EA2CE1F6A103700E114F2 /* GetAGramUITests.swift in Sources */ = {isa = PBXBuildFile; fileRef = 457EA2CD1F6A103700E114F2 /* GetAGramUITests.swift */; };
		4A7D8030C8038269B94E8BB3 /* Pods_GetAGramTests.framework in Frameworks */ = {isa = PBXBuildFile; fileRef = 9888544586E6D8084A286BBD /* Pods_GetAGramTests.framework */; };
/* End PBXBuildFile section */

/* Begin PBXContainerItemProxy section */
		457EA2BF1F6A103700E114F2 /* PBXContainerItemProxy */ = {
			isa = PBXContainerItemProxy;
			containerPortal = 457EA2A21F6A103700E114F2 /* Project object */;
			proxyType = 1;
			remoteGlobalIDString = 457EA2A91F6A103700E114F2;
			remoteInfo = GetAGram;
		};
		457EA2CA1F6A103700E114F2 /* PBXContainerItemProxy */ = {
			isa = PBXContainerItemProxy;
			containerPortal = 457EA2A21F6A103700E114F2 /* Project object */;
			proxyType = 1;
			remoteGlobalIDString = 457EA2A91F6A103700E114F2;
			remoteInfo = GetAGram;
		};
/* End PBXContainerItemProxy section */

/* Begin PBXFileReference section */
		45306A921F6A117500730F8B /* PhotosViewController.swift */ = {isa = PBXFileReference; fileEncoding = 4; lastKnownFileType = sourcecode.swift; path = PhotosViewController.swift; sourceTree = "<group>"; };
		45306A941F6A163700730F8B /* PhotoCell.swift */ = {isa = PBXFileReference; fileEncoding = 4; lastKnownFileType = sourcecode.swift; path = PhotoCell.swift; sourceTree = "<group>"; };
		45306A981F6A203600730F8B /* PhotoDetailsViewController.swift */ = {isa = PBXFileReference; fileEncoding = 4; lastKnownFileType = sourcecode.swift; path = PhotoDetailsViewController.swift; sourceTree = "<group>"; };
		45693868781C3FA4EE96C641 /* Pods_GetAGramUITests.framework */ = {isa = PBXFileReference; explicitFileType = wrapper.framework; includeInIndex = 0; path = Pods_GetAGramUITests.framework; sourceTree = BUILT_PRODUCTS_DIR; };
		457EA2AA1F6A103700E114F2 /* GetAGram.app */ = {isa = PBXFileReference; explicitFileType = wrapper.application; includeInIndex = 0; path = GetAGram.app; sourceTree = BUILT_PRODUCTS_DIR; };
		457EA2AD1F6A103700E114F2 /* AppDelegate.swift */ = {isa = PBXFileReference; lastKnownFileType = sourcecode.swift; path = AppDelegate.swift; sourceTree = "<group>"; };
		457EA2B21F6A103700E114F2 /* Base */ = {isa = PBXFileReference; lastKnownFileType = file.storyboard; name = Base; path = Base.lproj/Main.storyboard; sourceTree = "<group>"; };
		457EA2B41F6A103700E114F2 /* Assets.xcassets */ = {isa = PBXFileReference; lastKnownFileType = folder.assetcatalog; path = Assets.xcassets; sourceTree = "<group>"; };
		457EA2B71F6A103700E114F2 /* Base */ = {isa = PBXFileReference; lastKnownFileType = file.storyboard; name = Base; path = Base.lproj/LaunchScreen.storyboard; sourceTree = "<group>"; };
		457EA2B91F6A103700E114F2 /* Info.plist */ = {isa = PBXFileReference; lastKnownFileType = text.plist.xml; path = Info.plist; sourceTree = "<group>"; };
		457EA2BE1F6A103700E114F2 /* GetAGramTests.xctest */ = {isa = PBXFileReference; explicitFileType = wrapper.cfbundle; includeInIndex = 0; path = GetAGramTests.xctest; sourceTree = BUILT_PRODUCTS_DIR; };
		457EA2C21F6A103700E114F2 /* GetAGramTests.swift */ = {isa = PBXFileReference; lastKnownFileType = sourcecode.swift; path = GetAGramTests.swift; sourceTree = "<group>"; };
		457EA2C41F6A103700E114F2 /* Info.plist */ = {isa = PBXFileReference; lastKnownFileType = text.plist.xml; path = Info.plist; sourceTree = "<group>"; };
		457EA2C91F6A103700E114F2 /* GetAGramUITests.xctest */ = {isa = PBXFileReference; explicitFileType = wrapper.cfbundle; includeInIndex = 0; path = GetAGramUITests.xctest; sourceTree = BUILT_PRODUCTS_DIR; };
		457EA2CD1F6A103700E114F2 /* GetAGramUITests.swift */ = {isa = PBXFileReference; lastKnownFileType = sourcecode.swift; path = GetAGramUITests.swift; sourceTree = "<group>"; };
		457EA2CF1F6A103700E114F2 /* Info.plist */ = {isa = PBXFileReference; lastKnownFileType = text.plist.xml; path = Info.plist; sourceTree = "<group>"; };
		5E209ECFB02310F718028F3C /* Pods-GetAGramTests.release.xcconfig */ = {isa = PBXFileReference; includeInIndex = 1; lastKnownFileType = text.xcconfig; name = "Pods-GetAGramTests.release.xcconfig"; path = "Pods/Target Support Files/Pods-GetAGramTests/Pods-GetAGramTests.release.xcconfig"; sourceTree = "<group>"; };
		6476B2583F9F9E6888B60446 /* Pods-GetAGramUITests.release.xcconfig */ = {isa = PBXFileReference; includeInIndex = 1; lastKnownFileType = text.xcconfig; name = "Pods-GetAGramUITests.release.xcconfig"; path = "Pods/Target Support Files/Pods-GetAGramUITests/Pods-GetAGramUITests.release.xcconfig"; sourceTree = "<group>"; };
		661F46193C7DC1A2A6B5E74B /* Pods_GetAGram.framework */ = {isa = PBXFileReference; explicitFileType = wrapper.framework; includeInIndex = 0; path = Pods_GetAGram.framework; sourceTree = BUILT_PRODUCTS_DIR; };
		9888544586E6D8084A286BBD /* Pods_GetAGramTests.framework */ = {isa = PBXFileReference; explicitFileType = wrapper.framework; includeInIndex = 0; path = Pods_GetAGramTests.framework; sourceTree = BUILT_PRODUCTS_DIR; };
		B6871C8892C21633F6BEDD51 /* Pods-GetAGramUITests.debug.xcconfig */ = {isa = PBXFileReference; includeInIndex = 1; lastKnownFileType = text.xcconfig; name = "Pods-GetAGramUITests.debug.xcconfig"; path = "Pods/Target Support Files/Pods-GetAGramUITests/Pods-GetAGramUITests.debug.xcconfig"; sourceTree = "<group>"; };
		C8F63931EAC2B33A9B8A92D5 /* Pods-GetAGramTests.debug.xcconfig */ = {isa = PBXFileReference; includeInIndex = 1; lastKnownFileType = text.xcconfig; name = "Pods-GetAGramTests.debug.xcconfig"; path = "Pods/Target Support Files/Pods-GetAGramTests/Pods-GetAGramTests.debug.xcconfig"; sourceTree = "<group>"; };
		EE8B4E04D66E39FE621BDFDB /* Pods-GetAGram.release.xcconfig */ = {isa = PBXFileReference; includeInIndex = 1; lastKnownFileType = text.xcconfig; name = "Pods-GetAGram.release.xcconfig"; path = "Pods/Target Support Files/Pods-GetAGram/Pods-GetAGram.release.xcconfig"; sourceTree = "<group>"; };
		F79001D3A6D616EA407B2654 /* Pods-GetAGram.debug.xcconfig */ = {isa = PBXFileReference; includeInIndex = 1; lastKnownFileType = text.xcconfig; name = "Pods-GetAGram.debug.xcconfig"; path = "Pods/Target Support Files/Pods-GetAGram/Pods-GetAGram.debug.xcconfig"; sourceTree = "<group>"; };
/* End PBXFileReference section */

/* Begin PBXFrameworksBuildPhase section */
		457EA2A71F6A103700E114F2 /* Frameworks */ = {
			isa = PBXFrameworksBuildPhase;
			buildActionMask = 2147483647;
			files = (
				101D7B16584DE7C9817F3695 /* Pods_GetAGram.framework in Frameworks */,
			);
			runOnlyForDeploymentPostprocessing = 0;
		};
		457EA2BB1F6A103700E114F2 /* Frameworks */ = {
			isa = PBXFrameworksBuildPhase;
			buildActionMask = 2147483647;
			files = (
				4A7D8030C8038269B94E8BB3 /* Pods_GetAGramTests.framework in Frameworks */,
			);
			runOnlyForDeploymentPostprocessing = 0;
		};
		457EA2C61F6A103700E114F2 /* Frameworks */ = {
			isa = PBXFrameworksBuildPhase;
			buildActionMask = 2147483647;
			files = (
				1CCBEC629C9922052FAA2B46 /* Pods_GetAGramUITests.framework in Frameworks */,
			);
			runOnlyForDeploymentPostprocessing = 0;
		};
/* End PBXFrameworksBuildPhase section */

/* Begin PBXGroup section */
		3B447091AB7574BC66CFF79F /* Frameworks */ = {
			isa = PBXGroup;
			children = (
				661F46193C7DC1A2A6B5E74B /* Pods_GetAGram.framework */,
				9888544586E6D8084A286BBD /* Pods_GetAGramTests.framework */,
				45693868781C3FA4EE96C641 /* Pods_GetAGramUITests.framework */,
			);
			name = Frameworks;
			sourceTree = "<group>";
		};
		457EA2A11F6A103700E114F2 = {
			isa = PBXGroup;
			children = (
				457EA2AC1F6A103700E114F2 /* GetAGram */,
				457EA2C11F6A103700E114F2 /* GetAGramTests */,
				457EA2CC1F6A103700E114F2 /* GetAGramUITests */,
				457EA2AB1F6A103700E114F2 /* Products */,
				A0B4CEA52C7F868C55217DD8 /* Pods */,
				3B447091AB7574BC66CFF79F /* Frameworks */,
			);
			sourceTree = "<group>";
		};
		457EA2AB1F6A103700E114F2 /* Products */ = {
			isa = PBXGroup;
			children = (
				457EA2AA1F6A103700E114F2 /* GetAGram.app */,
				457EA2BE1F6A103700E114F2 /* GetAGramTests.xctest */,
				457EA2C91F6A103700E114F2 /* GetAGramUITests.xctest */,
			);
			name = Products;
			sourceTree = "<group>";
		};
		457EA2AC1F6A103700E114F2 /* GetAGram */ = {
			isa = PBXGroup;
			children = (
				45306A921F6A117500730F8B /* PhotosViewController.swift */,
				45306A941F6A163700730F8B /* PhotoCell.swift */,
				457EA2AD1F6A103700E114F2 /* AppDelegate.swift */,
				457EA2B11F6A103700E114F2 /* Main.storyboard */,
				45306A981F6A203600730F8B /* PhotoDetailsViewController.swift */,
				457EA2B41F6A103700E114F2 /* Assets.xcassets */,
				457EA2B61F6A103700E114F2 /* LaunchScreen.storyboard */,
				457EA2B91F6A103700E114F2 /* Info.plist */,
			);
			path = GetAGram;
			sourceTree = "<group>";
		};
		457EA2C11F6A103700E114F2 /* GetAGramTests */ = {
			isa = PBXGroup;
			children = (
				457EA2C21F6A103700E114F2 /* GetAGramTests.swift */,
				457EA2C41F6A103700E114F2 /* Info.plist */,
			);
			path = GetAGramTests;
			sourceTree = "<group>";
		};
		457EA2CC1F6A103700E114F2 /* GetAGramUITests */ = {
			isa = PBXGroup;
			children = (
				457EA2CD1F6A103700E114F2 /* GetAGramUITests.swift */,
				457EA2CF1F6A103700E114F2 /* Info.plist */,
			);
			path = GetAGramUITests;
			sourceTree = "<group>";
		};
		A0B4CEA52C7F868C55217DD8 /* Pods */ = {
			isa = PBXGroup;
			children = (
				F79001D3A6D616EA407B2654 /* Pods-GetAGram.debug.xcconfig */,
				EE8B4E04D66E39FE621BDFDB /* Pods-GetAGram.release.xcconfig */,
				C8F63931EAC2B33A9B8A92D5 /* Pods-GetAGramTests.debug.xcconfig */,
				5E209ECFB02310F718028F3C /* Pods-GetAGramTests.release.xcconfig */,
				B6871C8892C21633F6BEDD51 /* Pods-GetAGramUITests.debug.xcconfig */,
				6476B2583F9F9E6888B60446 /* Pods-GetAGramUITests.release.xcconfig */,
			);
			name = Pods;
			sourceTree = "<group>";
		};
/* End PBXGroup section */

/* Begin PBXNativeTarget section */
		457EA2A91F6A103700E114F2 /* GetAGram */ = {
			isa = PBXNativeTarget;
			buildConfigurationList = 457EA2D21F6A103700E114F2 /* Build configuration list for PBXNativeTarget "GetAGram" */;
			buildPhases = (
				2711CDE693FC4B6A67CBD8F7 /* [CP] Check Pods Manifest.lock */,
				457EA2A61F6A103700E114F2 /* Sources */,
				457EA2A71F6A103700E114F2 /* Frameworks */,
				457EA2A81F6A103700E114F2 /* Resources */,
				C640DBB055CA85316D21A50D /* [CP] Embed Pods Frameworks */,
				108F3DBCB15098DE0E7BFF13 /* [CP] Copy Pods Resources */,
			);
			buildRules = (
			);
			dependencies = (
			);
			name = GetAGram;
			productName = GetAGram;
			productReference = 457EA2AA1F6A103700E114F2 /* GetAGram.app */;
			productType = "com.apple.product-type.application";
		};
		457EA2BD1F6A103700E114F2 /* GetAGramTests */ = {
			isa = PBXNativeTarget;
			buildConfigurationList = 457EA2D51F6A103700E114F2 /* Build configuration list for PBXNativeTarget "GetAGramTests" */;
			buildPhases = (
				E756BC5322CDFE3A8B1BC03E /* [CP] Check Pods Manifest.lock */,
				457EA2BA1F6A103700E114F2 /* Sources */,
				457EA2BB1F6A103700E114F2 /* Frameworks */,
				457EA2BC1F6A103700E114F2 /* Resources */,
				4E4D0526EA7BF451BBF3C638 /* [CP] Embed Pods Frameworks */,
				1448326EF9599A7D6AC959D4 /* [CP] Copy Pods Resources */,
			);
			buildRules = (
			);
			dependencies = (
				457EA2C01F6A103700E114F2 /* PBXTargetDependency */,
			);
			name = GetAGramTests;
			productName = GetAGramTests;
			productReference = 457EA2BE1F6A103700E114F2 /* GetAGramTests.xctest */;
			productType = "com.apple.product-type.bundle.unit-test";
		};
		457EA2C81F6A103700E114F2 /* GetAGramUITests */ = {
			isa = PBXNativeTarget;
			buildConfigurationList = 457EA2D81F6A103700E114F2 /* Build configuration list for PBXNativeTarget "GetAGramUITests" */;
			buildPhases = (
				F1541CCE85F5EDDF617269AC /* [CP] Check Pods Manifest.lock */,
				457EA2C51F6A103700E114F2 /* Sources */,
				457EA2C61F6A103700E114F2 /* Frameworks */,
				457EA2C71F6A103700E114F2 /* Resources */,
				10FCD97CAC1DCB96EE738159 /* [CP] Embed Pods Frameworks */,
				FEAFE285DEECBC0B06B368BF /* [CP] Copy Pods Resources */,
			);
			buildRules = (
			);
			dependencies = (
				457EA2CB1F6A103700E114F2 /* PBXTargetDependency */,
			);
			name = GetAGramUITests;
			productName = GetAGramUITests;
			productReference = 457EA2C91F6A103700E114F2 /* GetAGramUITests.xctest */;
			productType = "com.apple.product-type.bundle.ui-testing";
		};
/* End PBXNativeTarget section */

/* Begin PBXProject section */
		457EA2A21F6A103700E114F2 /* Project object */ = {
			isa = PBXProject;
			attributes = {
				LastSwiftUpdateCheck = 0830;
				LastUpgradeCheck = 0830;
				ORGANIZATIONNAME = twins;
				TargetAttributes = {
					457EA2A91F6A103700E114F2 = {
						CreatedOnToolsVersion = 8.3.3;
						ProvisioningStyle = Automatic;
					};
					457EA2BD1F6A103700E114F2 = {
						CreatedOnToolsVersion = 8.3.3;
						ProvisioningStyle = Automatic;
						TestTargetID = 457EA2A91F6A103700E114F2;
					};
					457EA2C81F6A103700E114F2 = {
						CreatedOnToolsVersion = 8.3.3;
						ProvisioningStyle = Automatic;
						TestTargetID = 457EA2A91F6A103700E114F2;
					};
				};
			};
			buildConfigurationList = 457EA2A51F6A103700E114F2 /* Build configuration list for PBXProject "GetAGram" */;
			compatibilityVersion = "Xcode 3.2";
			developmentRegion = English;
			hasScannedForEncodings = 0;
			knownRegions = (
				en,
				Base,
			);
			mainGroup = 457EA2A11F6A103700E114F2;
			productRefGroup = 457EA2AB1F6A103700E114F2 /* Products */;
			projectDirPath = "";
			projectRoot = "";
			targets = (
				457EA2A91F6A103700E114F2 /* GetAGram */,
				457EA2BD1F6A103700E114F2 /* GetAGramTests */,
				457EA2C81F6A103700E114F2 /* GetAGramUITests */,
			);
		};
/* End PBXProject section */

/* Begin PBXResourcesBuildPhase section */
		457EA2A81F6A103700E114F2 /* Resources */ = {
			isa = PBXResourcesBuildPhase;
			buildActionMask = 2147483647;
			files = (
				457EA2B81F6A103700E114F2 /* LaunchScreen.storyboard in Resources */,
				457EA2B51F6A103700E114F2 /* Assets.xcassets in Resources */,
				457EA2B31F6A103700E114F2 /* Main.storyboard in Resources */,
			);
			runOnlyForDeploymentPostprocessing = 0;
		};
		457EA2BC1F6A103700E114F2 /* Resources */ = {
			isa = PBXResourcesBuildPhase;
			buildActionMask = 2147483647;
			files = (
			);
			runOnlyForDeploymentPostprocessing = 0;
		};
		457EA2C71F6A103700E114F2 /* Resources */ = {
			isa = PBXResourcesBuildPhase;
			buildActionMask = 2147483647;
			files = (
			);
			runOnlyForDeploymentPostprocessing = 0;
		};
/* End PBXResourcesBuildPhase section */

/* Begin PBXShellScriptBuildPhase section */
		108F3DBCB15098DE0E7BFF13 /* [CP] Copy Pods Resources */ = {
			isa = PBXShellScriptBuildPhase;
			buildActionMask = 2147483647;
			files = (
			);
			inputPaths = (
			);
			name = "[CP] Copy Pods Resources";
			outputPaths = (
			);
			runOnlyForDeploymentPostprocessing = 0;
			shellPath = /bin/sh;
			shellScript = "\"${SRCROOT}/Pods/Target Support Files/Pods-GetAGram/Pods-GetAGram-resources.sh\"\n";
			showEnvVarsInLog = 0;
		};
		10FCD97CAC1DCB96EE738159 /* [CP] Embed Pods Frameworks */ = {
			isa = PBXShellScriptBuildPhase;
			buildActionMask = 2147483647;
			files = (
			);
			inputPaths = (
			);
			name = "[CP] Embed Pods Frameworks";
			outputPaths = (
			);
			runOnlyForDeploymentPostprocessing = 0;
			shellPath = /bin/sh;
			shellScript = "\"${SRCROOT}/Pods/Target Support Files/Pods-GetAGramUITests/Pods-GetAGramUITests-frameworks.sh\"\n";
			showEnvVarsInLog = 0;
		};
		1448326EF9599A7D6AC959D4 /* [CP] Copy Pods Resources */ = {
			isa = PBXShellScriptBuildPhase;
			buildActionMask = 2147483647;
			files = (
			);
			inputPaths = (
			);
			name = "[CP] Copy Pods Resources";
			outputPaths = (
			);
			runOnlyForDeploymentPostprocessing = 0;
			shellPath = /bin/sh;
			shellScript = "\"${SRCROOT}/Pods/Target Support Files/Pods-GetAGramTests/Pods-GetAGramTests-resources.sh\"\n";
			showEnvVarsInLog = 0;
		};
		2711CDE693FC4B6A67CBD8F7 /* [CP] Check Pods Manifest.lock */ = {
			isa = PBXShellScriptBuildPhase;
			buildActionMask = 2147483647;
			files = (
			);
			inputPaths = (
				"${PODS_PODFILE_DIR_PATH}/Podfile.lock",
				"${PODS_ROOT}/Manifest.lock",
			);
			name = "[CP] Check Pods Manifest.lock";
			outputPaths = (
				"$(DERIVED_FILE_DIR)/Pods-GetAGram-checkManifestLockResult.txt",
			);
			runOnlyForDeploymentPostprocessing = 0;
			shellPath = /bin/sh;
			shellScript = "diff \"${PODS_PODFILE_DIR_PATH}/Podfile.lock\" \"${PODS_ROOT}/Manifest.lock\" > /dev/null\nif [ $? != 0 ] ; then\n    # print error to STDERR\n    echo \"error: The sandbox is not in sync with the Podfile.lock. Run 'pod install' or update your CocoaPods installation.\" >&2\n    exit 1\nfi\n# This output is used by Xcode 'outputs' to avoid re-running this script phase.\necho \"SUCCESS\" > \"${SCRIPT_OUTPUT_FILE_0}\"\n";
			showEnvVarsInLog = 0;
		};
		4E4D0526EA7BF451BBF3C638 /* [CP] Embed Pods Frameworks */ = {
			isa = PBXShellScriptBuildPhase;
			buildActionMask = 2147483647;
			files = (
			);
			inputPaths = (
			);
			name = "[CP] Embed Pods Frameworks";
			outputPaths = (
			);
			runOnlyForDeploymentPostprocessing = 0;
			shellPath = /bin/sh;
			shellScript = "\"${SRCROOT}/Pods/Target Support Files/Pods-GetAGramTests/Pods-GetAGramTests-frameworks.sh\"\n";
			showEnvVarsInLog = 0;
		};
		C640DBB055CA85316D21A50D /* [CP] Embed Pods Frameworks */ = {
			isa = PBXShellScriptBuildPhase;
			buildActionMask = 2147483647;
			files = (
			);
			inputPaths = (
				"${SRCROOT}/Pods/Target Support Files/Pods-GetAGram/Pods-GetAGram-frameworks.sh",
				"${BUILT_PRODUCTS_DIR}/AFNetworking/AFNetworking.framework",
			);
			name = "[CP] Embed Pods Frameworks";
			outputPaths = (
				"${TARGET_BUILD_DIR}/${FRAMEWORKS_FOLDER_PATH}/AFNetworking.framework",
			);
			runOnlyForDeploymentPostprocessing = 0;
			shellPath = /bin/sh;
			shellScript = "\"${SRCROOT}/Pods/Target Support Files/Pods-GetAGram/Pods-GetAGram-frameworks.sh\"\n";
			showEnvVarsInLog = 0;
		};
		E756BC5322CDFE3A8B1BC03E /* [CP] Check Pods Manifest.lock */ = {
			isa = PBXShellScriptBuildPhase;
			buildActionMask = 2147483647;
			files = (
			);
			inputPaths = (
				"${PODS_PODFILE_DIR_PATH}/Podfile.lock",
				"${PODS_ROOT}/Manifest.lock",
			);
			name = "[CP] Check Pods Manifest.lock";
			outputPaths = (
				"$(DERIVED_FILE_DIR)/Pods-GetAGramTests-checkManifestLockResult.txt",
			);
			runOnlyForDeploymentPostprocessing = 0;
			shellPath = /bin/sh;
			shellScript = "diff \"${PODS_PODFILE_DIR_PATH}/Podfile.lock\" \"${PODS_ROOT}/Manifest.lock\" > /dev/null\nif [ $? != 0 ] ; then\n    # print error to STDERR\n    echo \"error: The sandbox is not in sync with the Podfile.lock. Run 'pod install' or update your CocoaPods installation.\" >&2\n    exit 1\nfi\n# This output is used by Xcode 'outputs' to avoid re-running this script phase.\necho \"SUCCESS\" > \"${SCRIPT_OUTPUT_FILE_0}\"\n";
			showEnvVarsInLog = 0;
		};
		F1541CCE85F5EDDF617269AC /* [CP] Check Pods Manifest.lock */ = {
			isa = PBXShellScriptBuildPhase;
			buildActionMask = 2147483647;
			files = (
			);
			inputPaths = (
				"${PODS_PODFILE_DIR_PATH}/Podfile.lock",
				"${PODS_ROOT}/Manifest.lock",
			);
			name = "[CP] Check Pods Manifest.lock";
			outputPaths = (
				"$(DERIVED_FILE_DIR)/Pods-GetAGramUITests-checkManifestLockResult.txt",
			);
			runOnlyForDeploymentPostprocessing = 0;
			shellPath = /bin/sh;
			shellScript = "diff \"${PODS_PODFILE_DIR_PATH}/Podfile.lock\" \"${PODS_ROOT}/Manifest.lock\" > /dev/null\nif [ $? != 0 ] ; then\n    # print error to STDERR\n    echo \"error: The sandbox is not in sync with the Podfile.lock. Run 'pod install' or update your CocoaPods installation.\" >&2\n    exit 1\nfi\n# This output is used by Xcode 'outputs' to avoid re-running this script phase.\necho \"SUCCESS\" > \"${SCRIPT_OUTPUT_FILE_0}\"\n";
			showEnvVarsInLog = 0;
		};
		FEAFE285DEECBC0B06B368BF /* [CP] Copy Pods Resources */ = {
			isa = PBXShellScriptBuildPhase;
			buildActionMask = 2147483647;
			files = (
			);
			inputPaths = (
			);
			name = "[CP] Copy Pods Resources";
			outputPaths = (
			);
			runOnlyForDeploymentPostprocessing = 0;
			shellPath = /bin/sh;
			shellScript = "\"${SRCROOT}/Pods/Target Support Files/Pods-GetAGramUITests/Pods-GetAGramUITests-resources.sh\"\n";
			showEnvVarsInLog = 0;
		};
/* End PBXShellScriptBuildPhase section */

/* Begin PBXSourcesBuildPhase section */
		457EA2A61F6A103700E114F2 /* Sources */ = {
			isa = PBXSourcesBuildPhase;
			buildActionMask = 2147483647;
			files = (
				45306A991F6A203600730F8B /* PhotoDetailsViewController.swift in Sources */,
				457EA2AE1F6A103700E114F2 /* AppDelegate.swift in Sources */,
				45306A951F6A163700730F8B /* PhotoCell.swift in Sources */,
				45306A931F6A117500730F8B /* PhotosViewController.swift in Sources */,
			);
			runOnlyForDeploymentPostprocessing = 0;
		};
		457EA2BA1F6A103700E114F2 /* Sources */ = {
			isa = PBXSourcesBuildPhase;
			buildActionMask = 2147483647;
			files = (
				457EA2C31F6A103700E114F2 /* GetAGramTests.swift in Sources */,
			);
			runOnlyForDeploymentPostprocessing = 0;
		};
		457EA2C51F6A103700E114F2 /* Sources */ = {
			isa = PBXSourcesBuildPhase;
			buildActionMask = 2147483647;
			files = (
				457EA2CE1F6A103700E114F2 /* GetAGramUITests.swift in Sources */,
			);
			runOnlyForDeploymentPostprocessing = 0;
		};
/* End PBXSourcesBuildPhase section */

/* Begin PBXTargetDependency section */
		457EA2C01F6A103700E114F2 /* PBXTargetDependency */ = {
			isa = PBXTargetDependency;
			target = 457EA2A91F6A103700E114F2 /* GetAGram */;
			targetProxy = 457EA2BF1F6A103700E114F2 /* PBXContainerItemProxy */;
		};
		457EA2CB1F6A103700E114F2 /* PBXTargetDependency */ = {
			isa = PBXTargetDependency;
			target = 457EA2A91F6A103700E114F2 /* GetAGram */;
			targetProxy = 457EA2CA1F6A103700E114F2 /* PBXContainerItemProxy */;
		};
/* End PBXTargetDependency section */

/* Begin PBXVariantGroup section */
		457EA2B11F6A103700E114F2 /* Main.storyboard */ = {
			isa = PBXVariantGroup;
			children = (
				457EA2B21F6A103700E114F2 /* Base */,
			);
			name = Main.storyboard;
			sourceTree = "<group>";
		};
		457EA2B61F6A103700E114F2 /* LaunchScreen.storyboard */ = {
			isa = PBXVariantGroup;
			children = (
				457EA2B71F6A103700E114F2 /* Base */,
			);
			name = LaunchScreen.storyboard;
			sourceTree = "<group>";
		};
/* End PBXVariantGroup section */

/* Begin XCBuildConfiguration section */
		457EA2D01F6A103700E114F2 /* Debug */ = {
			isa = XCBuildConfiguration;
			buildSettings = {
				ALWAYS_SEARCH_USER_PATHS = NO;
				CLANG_ANALYZER_NONNULL = YES;
				CLANG_ANALYZER_NUMBER_OBJECT_CONVERSION = YES_AGGRESSIVE;
				CLANG_CXX_LANGUAGE_STANDARD = "gnu++0x";
				CLANG_CXX_LIBRARY = "libc++";
				CLANG_ENABLE_MODULES = YES;
				CLANG_ENABLE_OBJC_ARC = YES;
				CLANG_WARN_BOOL_CONVERSION = YES;
				CLANG_WARN_CONSTANT_CONVERSION = YES;
				CLANG_WARN_DIRECT_OBJC_ISA_USAGE = YES_ERROR;
				CLANG_WARN_DOCUMENTATION_COMMENTS = YES;
				CLANG_WARN_EMPTY_BODY = YES;
				CLANG_WARN_ENUM_CONVERSION = YES;
				CLANG_WARN_INFINITE_RECURSION = YES;
				CLANG_WARN_INT_CONVERSION = YES;
				CLANG_WARN_OBJC_ROOT_CLASS = YES_ERROR;
				CLANG_WARN_SUSPICIOUS_MOVE = YES;
				CLANG_WARN_UNREACHABLE_CODE = YES;
				CLANG_WARN__DUPLICATE_METHOD_MATCH = YES;
				"CODE_SIGN_IDENTITY[sdk=iphoneos*]" = "iPhone Developer";
				COPY_PHASE_STRIP = NO;
				DEBUG_INFORMATION_FORMAT = dwarf;
				ENABLE_STRICT_OBJC_MSGSEND = YES;
				ENABLE_TESTABILITY = YES;
				GCC_C_LANGUAGE_STANDARD = gnu99;
				GCC_DYNAMIC_NO_PIC = NO;
				GCC_NO_COMMON_BLOCKS = YES;
				GCC_OPTIMIZATION_LEVEL = 0;
				GCC_PREPROCESSOR_DEFINITIONS = (
					"DEBUG=1",
					"$(inherited)",
				);
				GCC_WARN_64_TO_32_BIT_CONVERSION = YES;
				GCC_WARN_ABOUT_RETURN_TYPE = YES_ERROR;
				GCC_WARN_UNDECLARED_SELECTOR = YES;
				GCC_WARN_UNINITIALIZED_AUTOS = YES_AGGRESSIVE;
				GCC_WARN_UNUSED_FUNCTION = YES;
				GCC_WARN_UNUSED_VARIABLE = YES;
				IPHONEOS_DEPLOYMENT_TARGET = 10.3;
				MTL_ENABLE_DEBUG_INFO = YES;
				ONLY_ACTIVE_ARCH = YES;
				SDKROOT = iphoneos;
				SWIFT_ACTIVE_COMPILATION_CONDITIONS = DEBUG;
				SWIFT_OPTIMIZATION_LEVEL = "-Onone";
			};
			name = Debug;
		};
		457EA2D11F6A103700E114F2 /* Release */ = {
			isa = XCBuildConfiguration;
			buildSettings = {
				ALWAYS_SEARCH_USER_PATHS = NO;
				CLANG_ANALYZER_NONNULL = YES;
				CLANG_ANALYZER_NUMBER_OBJECT_CONVERSION = YES_AGGRESSIVE;
				CLANG_CXX_LANGUAGE_STANDARD = "gnu++0x";
				CLANG_CXX_LIBRARY = "libc++";
				CLANG_ENABLE_MODULES = YES;
				CLANG_ENABLE_OBJC_ARC = YES;
				CLANG_WARN_BOOL_CONVERSION = YES;
				CLANG_WARN_CONSTANT_CONVERSION = YES;
				CLANG_WARN_DIRECT_OBJC_ISA_USAGE = YES_ERROR;
				CLANG_WARN_DOCUMENTATION_COMMENTS = YES;
				CLANG_WARN_EMPTY_BODY = YES;
				CLANG_WARN_ENUM_CONVERSION = YES;
				CLANG_WARN_INFINITE_RECURSION = YES;
				CLANG_WARN_INT_CONVERSION = YES;
				CLANG_WARN_OBJC_ROOT_CLASS = YES_ERROR;
				CLANG_WARN_SUSPICIOUS_MOVE = YES;
				CLANG_WARN_UNREACHABLE_CODE = YES;
				CLANG_WARN__DUPLICATE_METHOD_MATCH = YES;
				"CODE_SIGN_IDENTITY[sdk=iphoneos*]" = "iPhone Developer";
				COPY_PHASE_STRIP = NO;
				DEBUG_INFORMATION_FORMAT = "dwarf-with-dsym";
				ENABLE_NS_ASSERTIONS = NO;
				ENABLE_STRICT_OBJC_MSGSEND = YES;
				GCC_C_LANGUAGE_STANDARD = gnu99;
				GCC_NO_COMMON_BLOCKS = YES;
				GCC_WARN_64_TO_32_BIT_CONVERSION = YES;
				GCC_WARN_ABOUT_RETURN_TYPE = YES_ERROR;
				GCC_WARN_UNDECLARED_SELECTOR = YES;
				GCC_WARN_UNINITIALIZED_AUTOS = YES_AGGRESSIVE;
				GCC_WARN_UNUSED_FUNCTION = YES;
				GCC_WARN_UNUSED_VARIABLE = YES;
				IPHONEOS_DEPLOYMENT_TARGET = 10.3;
				MTL_ENABLE_DEBUG_INFO = NO;
				SDKROOT = iphoneos;
				SWIFT_OPTIMIZATION_LEVEL = "-Owholemodule";
				VALIDATE_PRODUCT = YES;
			};
			name = Release;
		};
		457EA2D31F6A103700E114F2 /* Debug */ = {
			isa = XCBuildConfiguration;
			baseConfigurationReference = F79001D3A6D616EA407B2654 /* Pods-GetAGram.debug.xcconfig */;
			buildSettings = {
				ASSETCATALOG_COMPILER_APPICON_NAME = AppIcon;
				INFOPLIST_FILE = GetAGram/Info.plist;
				LD_RUNPATH_SEARCH_PATHS = "$(inherited) @executable_path/Frameworks";
				PRODUCT_BUNDLE_IDENTIFIER = com.hearsaysocial.GetAGram;
				PRODUCT_NAME = "$(TARGET_NAME)";
				SWIFT_VERSION = 3.0;
			};
			name = Debug;
		};
		457EA2D41F6A103700E114F2 /* Release */ = {
			isa = XCBuildConfiguration;
			baseConfigurationReference = EE8B4E04D66E39FE621BDFDB /* Pods-GetAGram.release.xcconfig */;
			buildSettings = {
				ASSETCATALOG_COMPILER_APPICON_NAME = AppIcon;
				INFOPLIST_FILE = GetAGram/Info.plist;
				LD_RUNPATH_SEARCH_PATHS = "$(inherited) @executable_path/Frameworks";
				PRODUCT_BUNDLE_IDENTIFIER = com.hearsaysocial.GetAGram;
				PRODUCT_NAME = "$(TARGET_NAME)";
				SWIFT_VERSION = 3.0;
			};
			name = Release;
		};
		457EA2D61F6A103700E114F2 /* Debug */ = {
			isa = XCBuildConfiguration;
			baseConfigurationReference = C8F63931EAC2B33A9B8A92D5 /* Pods-GetAGramTests.debug.xcconfig */;
			buildSettings = {
				ALWAYS_EMBED_SWIFT_STANDARD_LIBRARIES = YES;
				BUNDLE_LOADER = "$(TEST_HOST)";
				INFOPLIST_FILE = GetAGramTests/Info.plist;
				LD_RUNPATH_SEARCH_PATHS = "$(inherited) @executable_path/Frameworks @loader_path/Frameworks";
				PRODUCT_BUNDLE_IDENTIFIER = com.hearsaysocial.GetAGramTests;
				PRODUCT_NAME = "$(TARGET_NAME)";
				SWIFT_VERSION = 3.0;
				TEST_HOST = "$(BUILT_PRODUCTS_DIR)/GetAGram.app/GetAGram";
			};
			name = Debug;
		};
		457EA2D71F6A103700E114F2 /* Release */ = {
			isa = XCBuildConfiguration;
			baseConfigurationReference = 5E209ECFB02310F718028F3C /* Pods-GetAGramTests.release.xcconfig */;
			buildSettings = {
				ALWAYS_EMBED_SWIFT_STANDARD_LIBRARIES = YES;
				BUNDLE_LOADER = "$(TEST_HOST)";
				INFOPLIST_FILE = GetAGramTests/Info.plist;
				LD_RUNPATH_SEARCH_PATHS = "$(inherited) @executable_path/Frameworks @loader_path/Frameworks";
				PRODUCT_BUNDLE_IDENTIFIER = com.hearsaysocial.GetAGramTests;
				PRODUCT_NAME = "$(TARGET_NAME)";
				SWIFT_VERSION = 3.0;
				TEST_HOST = "$(BUILT_PRODUCTS_DIR)/GetAGram.app/GetAGram";
			};
			name = Release;
		};
		457EA2D91F6A103700E114F2 /* Debug */ = {
			isa = XCBuildConfiguration;
			baseConfigurationReference = B6871C8892C21633F6BEDD51 /* Pods-GetAGramUITests.debug.xcconfig */;
			buildSettings = {
				ALWAYS_EMBED_SWIFT_STANDARD_LIBRARIES = YES;
				INFOPLIST_FILE = GetAGramUITests/Info.plist;
				LD_RUNPATH_SEARCH_PATHS = "$(inherited) @executable_path/Frameworks @loader_path/Frameworks";
				PRODUCT_BUNDLE_IDENTIFIER = com.hearsaysocial.GetAGramUITests;
				PRODUCT_NAME = "$(TARGET_NAME)";
				SWIFT_VERSION = 3.0;
				TEST_TARGET_NAME = GetAGram;
			};
			name = Debug;
		};
		457EA2DA1F6A103700E114F2 /* Release */ = {
			isa = XCBuildConfiguration;
			baseConfigurationReference = 6476B2583F9F9E6888B60446 /* Pods-GetAGramUITests.release.xcconfig */;
			buildSettings = {
				ALWAYS_EMBED_SWIFT_STANDARD_LIBRARIES = YES;
				INFOPLIST_FILE = GetAGramUITests/Info.plist;
				LD_RUNPATH_SEARCH_PATHS = "$(inherited) @executable_path/Frameworks @loader_path/Frameworks";
				PRODUCT_BUNDLE_IDENTIFIER = com.hearsaysocial.GetAGramUITests;
				PRODUCT_NAME = "$(TARGET_NAME)";
				SWIFT_VERSION = 3.0;
				TEST_TARGET_NAME = GetAGram;
			};
			name = Release;
		};
/* End XCBuildConfiguration section */

/* Begin XCConfigurationList section */
		457EA2A51F6A103700E114F2 /* Build configuration list for PBXProject "GetAGram" */ = {
			isa = XCConfigurationList;
			buildConfigurations = (
				457EA2D01F6A103700E114F2 /* Debug */,
				457EA2D11F6A103700E114F2 /* Release */,
			);
			defaultConfigurationIsVisible = 0;
			defaultConfigurationName = Release;
		};
		457EA2D21F6A103700E114F2 /* Build configuration list for PBXNativeTarget "GetAGram" */ = {
			isa = XCConfigurationList;
			buildConfigurations = (
				457EA2D31F6A103700E114F2 /* Debug */,
				457EA2D41F6A103700E114F2 /* Release */,
			);
			defaultConfigurationIsVisible = 0;
			defaultConfigurationName = Release;
		};
		457EA2D51F6A103700E114F2 /* Build configuration list for PBXNativeTarget "GetAGramTests" */ = {
			isa = XCConfigurationList;
			buildConfigurations = (
				457EA2D61F6A103700E114F2 /* Debug */,
				457EA2D71F6A103700E114F2 /* Release */,
			);
			defaultConfigurationIsVisible = 0;
			defaultConfigurationName = Release;
		};
		457EA2D81F6A103700E114F2 /* Build configuration list for PBXNativeTarget "GetAGramUITests" */ = {
			isa = XCConfigurationList;
			buildConfigurations = (
				457EA2D91F6A103700E114F2 /* Debug */,
				457EA2DA1F6A103700E114F2 /* Release */,
			);
			defaultConfigurationIsVisible = 0;
			defaultConfigurationName = Release;
		};
/* End XCConfigurationList section */
	};
	rootObject = 457EA2A21F6A103700E114F2 /* Project object */;
}
